{"SurveyEntry":{"SurveyID":"SV_2t0TlwmrGFbCFsp","SurveyName":"automation_for_ur_pre_data","SurveyDescription":null,"SurveyOwnerID":"UR_8kafyLhY7NrSdpz","SurveyBrandID":"duke","DivisionID":null,"SurveyLanguage":"EN","SurveyActiveResponseSet":"RS_5zrjSGCqw47Z53f","SurveyStatus":"Active","SurveyStartDate":"0000-00-00 00:00:00","SurveyExpirationDate":"0000-00-00 00:00:00","SurveyCreationDate":"2020-02-23 20:22:38","CreatorID":"UR_8kafyLhY7NrSdpz","LastModified":"2020-02-26 16:48:19","LastAccessed":"0000-00-00 00:00:00","LastActivated":"2020-02-23 20:24:20","Deleted":null},"SurveyElements":[{"SurveyID":"SV_2t0TlwmrGFbCFsp","Element":"BL","PrimaryAttribute":"Survey Blocks","SecondaryAttribute":null,"TertiaryAttribute":null,"Payload":[{"Type":"Default","Description":"Default Question Block","ID":"BL_3TQRrw2JVnu3Mep","BlockElements":[{"Type":"Question","QuestionID":"QID8"},{"Type":"Question","QuestionID":"QID7"},{"Type":"Question","QuestionID":"QID3"},{"Type":"Question","QuestionID":"QID4"},{"Type":"Question","QuestionID":"QID5"},{"Type":"Question","QuestionID":"QID6"}]},{"Type":"Trash","Description":"Trash \/ Unused Questions","ID":"BL_eUNrFj85LWrCoJv","BlockElements":[{"Type":"Question","QuestionID":"QID1"},{"Type":"Question","QuestionID":"QID2"},{"Type":"Question","QuestionID":"QID9"}]}]},{"SurveyID":"SV_2t0TlwmrGFbCFsp","Element":"FL","PrimaryAttribute":"Survey Flow","SecondaryAttribute":null,"TertiaryAttribute":null,"Payload":{"Type":"Root","FlowID":"FL_1","Flow":[{"Type":"Block","ID":"BL_3TQRrw2JVnu3Mep","FlowID":"FL_2"}],"Properties":{"Count":16,"RemovedFieldsets":[]}}},{"SurveyID":"SV_2t0TlwmrGFbCFsp","Element":"SO","PrimaryAttribute":"Survey Options","SecondaryAttribute":null,"TertiaryAttribute":null,"Payload":{"BackButton":"false","SaveAndContinue":"true","SurveyProtection":"PublicSurvey","BallotBoxStuffingPrevention":"false","NoIndex":"Yes","SecureResponseFiles":"true","SurveyExpiration":"None","SurveyTermination":"DefaultMessage","Header":"","Footer":"","ProgressBarDisplay":"None","PartialData":"+1 week","ValidationMessage":"","PreviousButton":" \u2190 ","NextButton":" \u2192 ","SurveyTitle":"Online Survey Software | Qualtrics Survey Solutions","SkinLibrary":"duke","SkinType":"templated","Skin":{"brandingId":null,"templateId":"*base","overrides":null},"NewScoring":1,"CustomStyles":[]}},{"SurveyID":"SV_2t0TlwmrGFbCFsp","Element":"SCO","PrimaryAttribute":"Scoring","SecondaryAttribute":null,"TertiaryAttribute":null,"Payload":{"ScoringCategories":[],"ScoringCategoryGroups":[],"ScoringSummaryCategory":null,"ScoringSummaryAfterQuestions":0,"ScoringSummaryAfterSurvey":0,"DefaultScoringCategory":null,"AutoScoringCategory":null}},{"SurveyID":"SV_2t0TlwmrGFbCFsp","Element":"PROJ","PrimaryAttribute":"CORE","SecondaryAttribute":null,"TertiaryAttribute":"1.1.0","Payload":{"ProjectCategory":"CORE","SchemaVersion":"1.1.0"}},{"SurveyID":"SV_2t0TlwmrGFbCFsp","Element":"STAT","PrimaryAttribute":"Survey Statistics","SecondaryAttribute":null,"TertiaryAttribute":null,"Payload":{"MobileCompatible":true,"ID":"Survey Statistics"}},{"SurveyID":"SV_2t0TlwmrGFbCFsp","Element":"QC","PrimaryAttribute":"Survey Question Count","SecondaryAttribute":"9","TertiaryAttribute":null,"Payload":null},{"SurveyID":"SV_2t0TlwmrGFbCFsp","Element":"SQ","PrimaryAttribute":"QID3","SecondaryAttribute":"age","TertiaryAttribute":null,"Payload":{"QuestionText":"How old are you?","DataExportTag":"Q4","QuestionType":"MC","Selector":"SAVR","SubSelector":"TX","DataVisibility":{"Private":false,"Hidden":false},"Configuration":{"QuestionDescriptionOption":"SpecifyLabel"},"QuestionDescription":"age","Choices":{"1":{"Display":"Under 18"},"2":{"Display":"18 - 24"},"3":{"Display":"25 - 29"},"4":{"Display":"30 - 34"},"5":{"Display":"35 - 39"},"6":{"Display":"40 - 44"},"7":{"Display":"45 - 49"},"8":{"Display":"50 - 55"},"9":{"Display":"55+"}},"ChoiceOrder":[1,2,3,4,5,6,7,8,9],"Validation":{"Settings":{"ForceResponse":"OFF","ForceResponseType":"ON","Type":"None"}},"VariableNaming":{"1":"under_18","2":"18_24","3":"25_29","4":"30_34","5":"35_39","6":"40_44","7":"45_49","8":"50_55","9":"55_plus"},"Language":[],"NextChoiceId":10,"NextAnswerId":1,"QuestionID":"QID3"}},{"SurveyID":"SV_2t0TlwmrGFbCFsp","Element":"SQ","PrimaryAttribute":"QID9","SecondaryAttribute":"age","TertiaryAttribute":null,"Payload":{"QuestionText":"How old are you?","DataExportTag":"Q10","QuestionType":"MC","Selector":"SAVR","SubSelector":"TX","DataVisibility":{"Private":false,"Hidden":false},"Configuration":{"QuestionDescriptionOption":"SpecifyLabel"},"QuestionDescription":"age","Choices":{"1":{"Display":"Under 18"},"2":{"Display":"18 - 24"},"3":{"Display":"25 - 29"},"4":{"Display":"30 - 34"},"5":{"Display":"35 - 39"},"6":{"Display":"40 - 44"},"7":{"Display":"45 - 49"},"8":{"Display":"50 - 55"},"9":{"Display":"55+"}},"ChoiceOrder":[1,2,3,4,5,6,7,8,9],"Validation":{"Settings":{"ForceResponse":"OFF","ForceResponseType":"ON","Type":"None"}},"VariableNaming":{"1":"under_18","2":"18_24","3":"25_29","4":"30_34","5":"35_39","6":"40_44","7":"45_49","8":"50_55","9":"55_plus"},"Language":[],"NextChoiceId":10,"NextAnswerId":1,"QuestionID":"QID9"}},{"SurveyID":"SV_2t0TlwmrGFbCFsp","Element":"SQ","PrimaryAttribute":"QID1","SecondaryAttribute":"Click to write the question text","TertiaryAttribute":null,"Payload":{"QuestionText":"Click to write the question text","DataExportTag":"Q1","QuestionType":"MC","Selector":"SAVR","SubSelector":"TX","Configuration":{"QuestionDescriptionOption":"UseText"},"QuestionDescription":"Click to write the question text","Choices":{"1":{"Display":"Click to write Choice 1"},"2":{"Display":"Click to write Choice 2"},"3":{"Display":"Click to write Choice 3"}},"ChoiceOrder":["1","2","3"],"Validation":{"Settings":{"ForceResponse":"OFF","ForceResponseType":"ON","Type":"None"}},"Language":[],"NextChoiceId":4,"NextAnswerId":1,"QuestionID":"QID1"}},{"SurveyID":"SV_2t0TlwmrGFbCFsp","Element":"SQ","PrimaryAttribute":"QID2","SecondaryAttribute":"Click to write the question text","TertiaryAttribute":null,"Payload":{"QuestionText":"Click to write the question text","DataExportTag":"Q2","QuestionType":"MC","Selector":"SAVR","SubSelector":"TX","Configuration":{"QuestionDescriptionOption":"UseText"},"QuestionDescription":"Click to write the question text","Choices":{"1":{"Display":"Click to write Choice 1"},"2":{"Display":"Click to write Choice 2"},"3":{"Display":"Click to write Choice 3"}},"ChoiceOrder":["1","2","3"],"Validation":{"Settings":{"ForceResponse":"OFF","ForceResponseType":"ON","Type":"None"}},"Language":[],"NextChoiceId":4,"NextAnswerId":1,"QuestionID":"QID2"}},{"SurveyID":"SV_2t0TlwmrGFbCFsp","Element":"RS","PrimaryAttribute":"RS_5zrjSGCqw47Z53f","SecondaryAttribute":"Default Response Set","TertiaryAttribute":null,"Payload":null},{"SurveyID":"SV_2t0TlwmrGFbCFsp","Element":"SQ","PrimaryAttribute":"QID4","SecondaryAttribute":"devices_past_week","TertiaryAttribute":null,"Payload":{"QuestionText":"In the past week, which device(s) were you using?<br \/>\nPlease select all that apply.","DefaultChoices":false,"DataExportTag":"Q6","QuestionType":"MC","Selector":"MAVR","SubSelector":"TX","DataVisibility":{"Private":false,"Hidden":false},"Configuration":{"QuestionDescriptionOption":"SpecifyLabel"},"QuestionDescription":"devices_past_week","Choices":{"1":{"Display":"Mobile phone"},"2":{"Display":"Tablet"},"3":{"Display":"Computer"},"4":{"Display":"Game console"},"5":{"Display":"TV"},"6":{"Display":"Car"},"7":{"Display":"Smart speaker (e.g. Amazon Echo, Google Home)"},"8":{"Display":"Other (please specify)","TextEntry":"true"}},"ChoiceOrder":[1,2,3,4,5,6,7,8],"Validation":{"Settings":{"ForceResponse":"OFF","ForceResponseType":"ON","Type":"None"}},"VariableNaming":{"1":"mobile_phone","2":"tablet","3":"computer","4":"game_console","5":"tv","6":"car","7":"smart_speaker","8":"other"},"GradingData":[],"Language":[],"NextChoiceId":9,"NextAnswerId":1,"QuestionID":"QID4"}},{"SurveyID":"SV_2t0TlwmrGFbCFsp","Element":"SQ","PrimaryAttribute":"QID5","SecondaryAttribute":"employment_status","TertiaryAttribute":null,"Payload":{"QuestionText":"What is your current employment status?","DataExportTag":"Q8","QuestionType":"MC","Selector":"SAVR","SubSelector":"TX","DataVisibility":{"Private":false,"Hidden":false},"Configuration":{"QuestionDescriptionOption":"SpecifyLabel"},"QuestionDescription":"employment_status","Choices":{"1":{"Display":"Studying full or part time"},"2":{"Display":"Stay-at-home parent\/guardian"},"3":{"Display":"Unemployed\/Retired"},"4":{"Display":"Self-employed - consultant\/freelancer"},"5":{"Display":"Self-employed - run my own business\/company"},"6":{"Display":"Part-time employment"},"7":{"Display":"Full-time employment"}},"ChoiceOrder":[1,2,3,4,5,6,7],"Validation":{"Settings":{"ForceResponse":"OFF","ForceResponseType":"ON","Type":"None"}},"VariableNaming":{"1":"student","2":"stay_at_home_parent","3":"unemployed_retired","4":"self_employed_contractor","5":"self_employed_business_owner","6":"employed_part_time","7":"employed_full_time"},"Language":[],"NextChoiceId":8,"NextAnswerId":1,"QuestionID":"QID5"}},{"SurveyID":"SV_2t0TlwmrGFbCFsp","Element":"SQ","PrimaryAttribute":"QID8","SecondaryAttribute":"For purposes of the presentation, let's make sure the user data is getting embedded: email:\u00a0...","TertiaryAttribute":null,"Payload":{"QuestionText":"For purposes of the presentation, let's make sure the user data is getting embedded:<div><br>\n<strong>email<\/strong>:&nbsp;${e:\/\/Field\/email}<br>\n<strong>market<\/strong>:&nbsp;${e:\/\/Field\/market}<br>\n<strong>device<\/strong>:&nbsp;${e:\/\/Field\/device_type}<br>\n&nbsp;<\/div>","DefaultChoices":false,"DataExportTag":"Q8","QuestionType":"DB","Selector":"TB","Configuration":{"QuestionDescriptionOption":"UseText"},"QuestionDescription":"For purposes of the presentation, let's make sure the user data is getting embedded: email:\u00a0...","ChoiceOrder":[],"Validation":{"Settings":{"Type":"None"}},"GradingData":[],"Language":[],"NextChoiceId":4,"NextAnswerId":1,"QuestionID":"QID8","DataVisibility":{"Private":false,"Hidden":false}}},{"SurveyID":"SV_2t0TlwmrGFbCFsp","Element":"SQ","PrimaryAttribute":"QID6","SecondaryAttribute":"gender_identity","TertiaryAttribute":null,"Payload":{"QuestionText":"What gender do you identify with?","DataExportTag":"Q10","QuestionType":"MC","Selector":"SAVR","SubSelector":"TX","DataVisibility":{"Private":false,"Hidden":false},"Configuration":{"QuestionDescriptionOption":"SpecifyLabel"},"QuestionDescription":"gender_identity","Choices":{"1":{"Display":"Male"},"2":{"Display":"Female"},"3":{"Display":"Non-binary"},"4":{"Display":"Other"},"5":{"Display":"Prefer not to say"}},"ChoiceOrder":[1,2,3,4,5],"Validation":{"Settings":{"ForceResponse":"OFF","ForceResponseType":"ON","Type":"None"}},"VariableNaming":{"1":"male","2":"female","3":"non_binary","4":"other","5":"prefer_not_to_say"},"Language":[],"NextChoiceId":6,"NextAnswerId":1,"QuestionID":"QID6"}},{"SurveyID":"SV_2t0TlwmrGFbCFsp","Element":"SQ","PrimaryAttribute":"QID7","SecondaryAttribute":"satisfaction_spotify","TertiaryAttribute":null,"Payload":{"QuestionText":"How satisfied or dissatisfied are you with Spotify?","DataExportTag":"Q12","QuestionType":"MC","Selector":"SAVR","SubSelector":"TX","DataVisibility":{"Private":false,"Hidden":false},"Configuration":{"QuestionDescriptionOption":"SpecifyLabel"},"QuestionDescription":"satisfaction_spotify","Choices":{"1":{"Display":"Very satisfied"},"2":{"Display":"Somewhat satisfied"},"3":{"Display":"Neither satisfied nor dissatisfied"},"4":{"Display":"Somewhat dissatisfied"},"5":{"Display":"Very dissatisfied"}},"ChoiceOrder":[1,2,3,4,5],"Validation":{"Settings":{"ForceResponse":"OFF","ForceResponseType":"ON","Type":"None"}},"VariableNaming":{"1":"very_satisfied","2":"somewhat_satisfied","3":"neither","4":"somewhat_dissatisfied","5":"very_dissatisfied"},"Language":[],"NextChoiceId":6,"NextAnswerId":1,"QuestionID":"QID7"}}]}